
Microsoft Visual Studio Solution File, Format Version 12.00
# Visual Studio 15
VisualStudioVersion = 15.0.26730.16
MinimumVisualStudioVersion = 10.0.40219.1
Project("{FAE04EC0-301F-11D3-BF4B-00C04F79EFBC}") = "StartWars.Android", "StartWars\StartWars.Android\StartWars.Android.csproj", "{F12F7B39-C0B2-4E69-A4C3-B58473DCED8D}"
EndProject
Project("{FAE04EC0-301F-11D3-BF4B-00C04F79EFBC}") = "StartWars", "StartWars\StartWars\StartWars.csproj", "{838D4DB5-73E9-48E8-8F94-543144D4CAE4}"
EndProject
Project("{FAE04EC0-301F-11D3-BF4B-00C04F79EFBC}") = "StartWars.UWP", "StartWars\StartWars.UWP\StartWars.UWP.csproj", "{B0EE2012-5BFD-4B86-9F3C-DC6E8F018663}"
EndProject
Project("{FAE04EC0-301F-11D3-BF4B-00C04F79EFBC}") = "StartWars.iOS", "StartWars\StartWars.iOS\StartWars.iOS.csproj", "{043916F3-767E-46AA-8171-8B86980DA971}"
EndProject
Global
	GlobalSection(SolutionConfigurationPlatforms) = preSolution
		Ad-Hoc|Any CPU = Ad-Hoc|Any CPU
		Ad-Hoc|ARM = Ad-Hoc|ARM
		Ad-Hoc|iPhone = Ad-Hoc|iPhone
		Ad-Hoc|iPhoneSimulator = Ad-Hoc|iPhoneSimulator
		Ad-Hoc|x64 = Ad-Hoc|x64
		Ad-Hoc|x86 = Ad-Hoc|x86
		AppStore|Any CPU = AppStore|Any CPU
		AppStore|ARM = AppStore|ARM
		AppStore|iPhone = AppStore|iPhone
		AppStore|iPhoneSimulator = AppStore|iPhoneSimulator
		AppStore|x64 = AppStore|x64
		AppStore|x86 = AppStore|x86
		Debug|Any CPU = Debug|Any CPU
		Debug|ARM = Debug|ARM
		Debug|iPhone = Debug|iPhone
		Debug|iPhoneSimulator = Debug|iPhoneSimulator
		Debug|x64 = Debug|x64
		Debug|x86 = Debug|x86
		Release|Any CPU = Release|Any CPU
		Release|ARM = Release|ARM
		Release|iPhone = Release|iPhone
		Release|iPhoneSimulator = Release|iPhoneSimulator
		Release|x64 = Release|x64
		Release|x86 = Release|x86
	EndGlobalSection
	GlobalSection(ProjectConfigurationPlatforms) = postSolution
		{F12F7B39-C0B2-4E69-A4C3-B58473DCED8D}.Ad-Hoc|Any CPU.ActiveCfg = Release|Any CPU
		{F12F7B39-C0B2-4E69-A4C3-B58473DCED8D}.Ad-Hoc|Any CPU.Build.0 = Release|Any CPU
		{F12F7B39-C0B2-4E69-A4C3-B58473DCED8D}.Ad-Hoc|Any CPU.Deploy.0 = Release|Any CPU
		{F12F7B39-C0B2-4E69-A4C3-B58473DCED8D}.Ad-Hoc|ARM.ActiveCfg = Release|Any CPU
		{F12F7B39-C0B2-4E69-A4C3-B58473DCED8D}.Ad-Hoc|ARM.Build.0 = Release|Any CPU
		{F12F7B39-C0B2-4E69-A4C3-B58473DCED8D}.Ad-Hoc|ARM.Deploy.0 = Release|Any CPU
		{F12F7B39-C0B2-4E69-A4C3-B58473DCED8D}.Ad-Hoc|iPhone.ActiveCfg = Release|Any CPU
		{F12F7B39-C0B2-4E69-A4C3-B58473DCED8D}.Ad-Hoc|iPhone.Build.0 = Release|Any CPU
		{F12F7B39-C0B2-4E69-A4C3-B58473DCED8D}.Ad-Hoc|iPhone.Deploy.0 = Release|Any CPU
		{F12F7B39-C0B2-4E69-A4C3-B58473DCED8D}.Ad-Hoc|iPhoneSimulator.ActiveCfg = Release|Any CPU
		{F12F7B39-C0B2-4E69-A4C3-B58473DCED8D}.Ad-Hoc|iPhoneSimulator.Build.0 = Release|Any CPU
		{F12F7B39-C0B2-4E69-A4C3-B58473DCED8D}.Ad-Hoc|iPhoneSimulator.Deploy.0 = Release|Any CPU
		{F12F7B39-C0B2-4E69-A4C3-B58473DCED8D}.Ad-Hoc|x64.ActiveCfg = Release|Any CPU
		{F12F7B39-C0B2-4E69-A4C3-B58473DCED8D}.Ad-Hoc|x64.Build.0 = Release|Any CPU
		{F12F7B39-C0B2-4E69-A4C3-B58473DCED8D}.Ad-Hoc|x64.Deploy.0 = Release|Any CPU
		{F12F7B39-C0B2-4E69-A4C3-B58473DCED8D}.Ad-Hoc|x86.ActiveCfg = Release|Any CPU
		{F12F7B39-C0B2-4E69-A4C3-B58473DCED8D}.Ad-Hoc|x86.Build.0 = Release|Any CPU
		{F12F7B39-C0B2-4E69-A4C3-B58473DCED8D}.Ad-Hoc|x86.Deploy.0 = Release|Any CPU
		{F12F7B39-C0B2-4E69-A4C3-B58473DCED8D}.AppStore|Any CPU.ActiveCfg = Release|Any CPU
		{F12F7B39-C0B2-4E69-A4C3-B58473DCED8D}.AppStore|Any CPU.Build.0 = Release|Any CPU
		{F12F7B39-C0B2-4E69-A4C3-B58473DCED8D}.AppStore|Any CPU.Deploy.0 = Release|Any CPU
		{F12F7B39-C0B2-4E69-A4C3-B58473DCED8D}.AppStore|ARM.ActiveCfg = Release|Any CPU
		{F12F7B39-C0B2-4E69-A4C3-B58473DCED8D}.AppStore|ARM.Build.0 = Release|Any CPU
		{F12F7B39-C0B2-4E69-A4C3-B58473DCED8D}.AppStore|ARM.Deploy.0 = Release|Any CPU
		{F12F7B39-C0B2-4E69-A4C3-B58473DCED8D}.AppStore|iPhone.ActiveCfg = Release|Any CPU
		{F12F7B39-C0B2-4E69-A4C3-B58473DCED8D}.AppStore|iPhone.Build.0 = Release|Any CPU
		{F12F7B39-C0B2-4E69-A4C3-B58473DCED8D}.AppStore|iPhone.Deploy.0 = Release|Any CPU
		{F12F7B39-C0B2-4E69-A4C3-B58473DCED8D}.AppStore|iPhoneSimulator.ActiveCfg = Release|Any CPU
		{F12F7B39-C0B2-4E69-A4C3-B58473DCED8D}.AppStore|iPhoneSimulator.Build.0 = Release|Any CPU
		{F12F7B39-C0B2-4E69-A4C3-B58473DCED8D}.AppStore|iPhoneSimulator.Deploy.0 = Release|Any CPU
		{F12F7B39-C0B2-4E69-A4C3-B58473DCED8D}.AppStore|x64.ActiveCfg = Release|Any CPU
		{F12F7B39-C0B2-4E69-A4C3-B58473DCED8D}.AppStore|x64.Build.0 = Release|Any CPU
		{F12F7B39-C0B2-4E69-A4C3-B58473DCED8D}.AppStore|x64.Deploy.0 = Release|Any CPU
		{F12F7B39-C0B2-4E69-A4C3-B58473DCED8D}.AppStore|x86.ActiveCfg = Release|Any CPU
		{F12F7B39-C0B2-4E69-A4C3-B58473DCED8D}.AppStore|x86.Build.0 = Release|Any CPU
		{F12F7B39-C0B2-4E69-A4C3-B58473DCED8D}.AppStore|x86.Deploy.0 = Release|Any CPU
		{F12F7B39-C0B2-4E69-A4C3-B58473DCED8D}.Debug|Any CPU.ActiveCfg = Debug|Any CPU
		{F12F7B39-C0B2-4E69-A4C3-B58473DCED8D}.Debug|Any CPU.Build.0 = Debug|Any CPU
		{F12F7B39-C0B2-4E69-A4C3-B58473DCED8D}.Debug|Any CPU.Deploy.0 = Debug|Any CPU
		{F12F7B39-C0B2-4E69-A4C3-B58473DCED8D}.Debug|ARM.ActiveCfg = Debug|Any CPU
		{F12F7B39-C0B2-4E69-A4C3-B58473DCED8D}.Debug|ARM.Build.0 = Debug|Any CPU
		{F12F7B39-C0B2-4E69-A4C3-B58473DCED8D}.Debug|ARM.Deploy.0 = Debug|Any CPU
		{F12F7B39-C0B2-4E69-A4C3-B58473DCED8D}.Debug|iPhone.ActiveCfg = Debug|Any CPU
		{F12F7B39-C0B2-4E69-A4C3-B58473DCED8D}.Debug|iPhone.Build.0 = Debug|Any CPU
		{F12F7B39-C0B2-4E69-A4C3-B58473DCED8D}.Debug|iPhone.Deploy.0 = Debug|Any CPU
		{F12F7B39-C0B2-4E69-A4C3-B58473DCED8D}.Debug|iPhoneSimulator.ActiveCfg = Debug|Any CPU
		{F12F7B39-C0B2-4E69-A4C3-B58473DCED8D}.Debug|iPhoneSimulator.Build.0 = Debug|Any CPU
		{F12F7B39-C0B2-4E69-A4C3-B58473DCED8D}.Debug|iPhoneSimulator.Deploy.0 = Debug|Any CPU
		{F12F7B39-C0B2-4E69-A4C3-B58473DCED8D}.Debug|x64.ActiveCfg = Debug|Any CPU
		{F12F7B39-C0B2-4E69-A4C3-B58473DCED8D}.Debug|x64.Build.0 = Debug|Any CPU
		{F12F7B39-C0B2-4E69-A4C3-B58473DCED8D}.Debug|x64.Deploy.0 = Debug|Any CPU
		{F12F7B39-C0B2-4E69-A4C3-B58473DCED8D}.Debug|x86.ActiveCfg = Debug|Any CPU
		{F12F7B39-C0B2-4E69-A4C3-B58473DCED8D}.Debug|x86.Build.0 = Debug|Any CPU
		{F12F7B39-C0B2-4E69-A4C3-B58473DCED8D}.Debug|x86.Deploy.0 = Debug|Any CPU
		{F12F7B39-C0B2-4E69-A4C3-B58473DCED8D}.Release|Any CPU.ActiveCfg = Release|Any CPU
		{F12F7B39-C0B2-4E69-A4C3-B58473DCED8D}.Release|Any CPU.Build.0 = Release|Any CPU
		{F12F7B39-C0B2-4E69-A4C3-B58473DCED8D}.Release|Any CPU.Deploy.0 = Release|Any CPU
		{F12F7B39-C0B2-4E69-A4C3-B58473DCED8D}.Release|ARM.ActiveCfg = Release|Any CPU
		{F12F7B39-C0B2-4E69-A4C3-B58473DCED8D}.Release|ARM.Build.0 = Release|Any CPU
		{F12F7B39-C0B2-4E69-A4C3-B58473DCED8D}.Release|ARM.Deploy.0 = Release|Any CPU
		{F12F7B39-C0B2-4E69-A4C3-B58473DCED8D}.Release|iPhone.ActiveCfg = Release|Any CPU
		{F12F7B39-C0B2-4E69-A4C3-B58473DCED8D}.Release|iPhone.Build.0 = Release|Any CPU
		{F12F7B39-C0B2-4E69-A4C3-B58473DCED8D}.Release|iPhone.Deploy.0 = Release|Any CPU
		{F12F7B39-C0B2-4E69-A4C3-B58473DCED8D}.Release|iPhoneSimulator.ActiveCfg = Release|Any CPU
		{F12F7B39-C0B2-4E69-A4C3-B58473DCED8D}.Release|iPhoneSimulator.Build.0 = Release|Any CPU
		{F12F7B39-C0B2-4E69-A4C3-B58473DCED8D}.Release|iPhoneSimulator.Deploy.0 = Release|Any CPU
		{F12F7B39-C0B2-4E69-A4C3-B58473DCED8D}.Release|x64.ActiveCfg = Release|Any CPU
		{F12F7B39-C0B2-4E69-A4C3-B58473DCED8D}.Release|x64.Build.0 = Release|Any CPU
		{F12F7B39-C0B2-4E69-A4C3-B58473DCED8D}.Release|x64.Deploy.0 = Release|Any CPU
		{F12F7B39-C0B2-4E69-A4C3-B58473DCED8D}.Release|x86.ActiveCfg = Release|Any CPU
		{F12F7B39-C0B2-4E69-A4C3-B58473DCED8D}.Release|x86.Build.0 = Release|Any CPU
		{F12F7B39-C0B2-4E69-A4C3-B58473DCED8D}.Release|x86.Deploy.0 = Release|Any CPU
		{838D4DB5-73E9-48E8-8F94-543144D4CAE4}.Ad-Hoc|Any CPU.ActiveCfg = Release|Any CPU
		{838D4DB5-73E9-48E8-8F94-543144D4CAE4}.Ad-Hoc|Any CPU.Build.0 = Release|Any CPU
		{838D4DB5-73E9-48E8-8F94-543144D4CAE4}.Ad-Hoc|ARM.ActiveCfg = Release|Any CPU
		{838D4DB5-73E9-48E8-8F94-543144D4CAE4}.Ad-Hoc|ARM.Build.0 = Release|Any CPU
		{838D4DB5-73E9-48E8-8F94-543144D4CAE4}.Ad-Hoc|iPhone.ActiveCfg = Release|Any CPU
		{838D4DB5-73E9-48E8-8F94-543144D4CAE4}.Ad-Hoc|iPhone.Build.0 = Release|Any CPU
		{838D4DB5-73E9-48E8-8F94-543144D4CAE4}.Ad-Hoc|iPhoneSimulator.ActiveCfg = Release|Any CPU
		{838D4DB5-73E9-48E8-8F94-543144D4CAE4}.Ad-Hoc|iPhoneSimulator.Build.0 = Release|Any CPU
		{838D4DB5-73E9-48E8-8F94-543144D4CAE4}.Ad-Hoc|x64.ActiveCfg = Release|Any CPU
		{838D4DB5-73E9-48E8-8F94-543144D4CAE4}.Ad-Hoc|x64.Build.0 = Release|Any CPU
		{838D4DB5-73E9-48E8-8F94-543144D4CAE4}.Ad-Hoc|x86.ActiveCfg = Release|Any CPU
		{838D4DB5-73E9-48E8-8F94-543144D4CAE4}.Ad-Hoc|x86.Build.0 = Release|Any CPU
		{838D4DB5-73E9-48E8-8F94-543144D4CAE4}.AppStore|Any CPU.ActiveCfg = Release|Any CPU
		{838D4DB5-73E9-48E8-8F94-543144D4CAE4}.AppStore|Any CPU.Build.0 = Release|Any CPU
		{838D4DB5-73E9-48E8-8F94-543144D4CAE4}.AppStore|ARM.ActiveCfg = Release|Any CPU
		{838D4DB5-73E9-48E8-8F94-543144D4CAE4}.AppStore|ARM.Build.0 = Release|Any CPU
		{838D4DB5-73E9-48E8-8F94-543144D4CAE4}.AppStore|iPhone.ActiveCfg = Release|Any CPU
		{838D4DB5-73E9-48E8-8F94-543144D4CAE4}.AppStore|iPhone.Build.0 = Release|Any CPU
		{838D4DB5-73E9-48E8-8F94-543144D4CAE4}.AppStore|iPhoneSimulator.ActiveCfg = Release|Any CPU
		{838D4DB5-73E9-48E8-8F94-543144D4CAE4}.AppStore|iPhoneSimulator.Build.0 = Release|Any CPU
		{838D4DB5-73E9-48E8-8F94-543144D4CAE4}.AppStore|x64.ActiveCfg = Release|Any CPU
		{838D4DB5-73E9-48E8-8F94-543144D4CAE4}.AppStore|x64.Build.0 = Release|Any CPU
		{838D4DB5-73E9-48E8-8F94-543144D4CAE4}.AppStore|x86.ActiveCfg = Release|Any CPU
		{838D4DB5-73E9-48E8-8F94-543144D4CAE4}.AppStore|x86.Build.0 = Release|Any CPU
		{838D4DB5-73E9-48E8-8F94-543144D4CAE4}.Debug|Any CPU.ActiveCfg = Debug|Any CPU
		{838D4DB5-73E9-48E8-8F94-543144D4CAE4}.Debug|Any CPU.Build.0 = Debug|Any CPU
		{838D4DB5-73E9-48E8-8F94-543144D4CAE4}.Debug|ARM.ActiveCfg = Debug|Any CPU
		{838D4DB5-73E9-48E8-8F94-543144D4CAE4}.Debug|ARM.Build.0 = Debug|Any CPU
		{838D4DB5-73E9-48E8-8F94-543144D4CAE4}.Debug|iPhone.ActiveCfg = Debug|Any CPU
		{838D4DB5-73E9-48E8-8F94-543144D4CAE4}.Debug|iPhone.Build.0 = Debug|Any CPU
		{838D4DB5-73E9-48E8-8F94-543144D4CAE4}.Debug|iPhoneSimulator.ActiveCfg = Debug|Any CPU
		{838D4DB5-73E9-48E8-8F94-543144D4CAE4}.Debug|iPhoneSimulator.Build.0 = Debug|Any CPU
		{838D4DB5-73E9-48E8-8F94-543144D4CAE4}.Debug|x64.ActiveCfg = Debug|Any CPU
		{838D4DB5-73E9-48E8-8F94-543144D4CAE4}.Debug|x64.Build.0 = Debug|Any CPU
		{838D4DB5-73E9-48E8-8F94-543144D4CAE4}.Debug|x86.ActiveCfg = Debug|Any CPU
		{838D4DB5-73E9-48E8-8F94-543144D4CAE4}.Debug|x86.Build.0 = Debug|Any CPU
		{838D4DB5-73E9-48E8-8F94-543144D4CAE4}.Release|Any CPU.ActiveCfg = Release|Any CPU
		{838D4DB5-73E9-48E8-8F94-543144D4CAE4}.Release|Any CPU.Build.0 = Release|Any CPU
		{838D4DB5-73E9-48E8-8F94-543144D4CAE4}.Release|ARM.ActiveCfg = Release|Any CPU
		{838D4DB5-73E9-48E8-8F94-543144D4CAE4}.Release|ARM.Build.0 = Release|Any CPU
		{838D4DB5-73E9-48E8-8F94-543144D4CAE4}.Release|iPhone.ActiveCfg = Release|Any CPU
		{838D4DB5-73E9-48E8-8F94-543144D4CAE4}.Release|iPhone.Build.0 = Release|Any CPU
		{838D4DB5-73E9-48E8-8F94-543144D4CAE4}.Release|iPhoneSimulator.ActiveCfg = Release|Any CPU
		{838D4DB5-73E9-48E8-8F94-543144D4CAE4}.Release|iPhoneSimulator.Build.0 = Release|Any CPU
		{838D4DB5-73E9-48E8-8F94-543144D4CAE4}.Release|x64.ActiveCfg = Release|Any CPU
		{838D4DB5-73E9-48E8-8F94-543144D4CAE4}.Release|x64.Build.0 = Release|Any CPU
		{838D4DB5-73E9-48E8-8F94-543144D4CAE4}.Release|x86.ActiveCfg = Release|Any CPU
		{838D4DB5-73E9-48E8-8F94-543144D4CAE4}.Release|x86.Build.0 = Release|Any CPU
		{B0EE2012-5BFD-4B86-9F3C-DC6E8F018663}.Ad-Hoc|Any CPU.ActiveCfg = Release|x86
		{B0EE2012-5BFD-4B86-9F3C-DC6E8F018663}.Ad-Hoc|Any CPU.Build.0 = Release|x86
		{B0EE2012-5BFD-4B86-9F3C-DC6E8F018663}.Ad-Hoc|Any CPU.Deploy.0 = Release|x86
		{B0EE2012-5BFD-4B86-9F3C-DC6E8F018663}.Ad-Hoc|ARM.ActiveCfg = Release|ARM
		{B0EE2012-5BFD-4B86-9F3C-DC6E8F018663}.Ad-Hoc|ARM.Build.0 = Release|ARM
		{B0EE2012-5BFD-4B86-9F3C-DC6E8F018663}.Ad-Hoc|ARM.Deploy.0 = Release|ARM
		{B0EE2012-5BFD-4B86-9F3C-DC6E8F018663}.Ad-Hoc|iPhone.ActiveCfg = Release|x86
		{B0EE2012-5BFD-4B86-9F3C-DC6E8F018663}.Ad-Hoc|iPhone.Build.0 = Release|x86
		{B0EE2012-5BFD-4B86-9F3C-DC6E8F018663}.Ad-Hoc|iPhone.Deploy.0 = Release|x86
		{B0EE2012-5BFD-4B86-9F3C-DC6E8F018663}.Ad-Hoc|iPhoneSimulator.ActiveCfg = Release|x86
		{B0EE2012-5BFD-4B86-9F3C-DC6E8F018663}.Ad-Hoc|iPhoneSimulator.Build.0 = Release|x86
		{B0EE2012-5BFD-4B86-9F3C-DC6E8F018663}.Ad-Hoc|iPhoneSimulator.Deploy.0 = Release|x86
		{B0EE2012-5BFD-4B86-9F3C-DC6E8F018663}.Ad-Hoc|x64.ActiveCfg = Release|x64
		{B0EE2012-5BFD-4B86-9F3C-DC6E8F018663}.Ad-Hoc|x64.Build.0 = Release|x64
		{B0EE2012-5BFD-4B86-9F3C-DC6E8F018663}.Ad-Hoc|x64.Deploy.0 = Release|x64
		{B0EE2012-5BFD-4B86-9F3C-DC6E8F018663}.Ad-Hoc|x86.ActiveCfg = Release|x86
		{B0EE2012-5BFD-4B86-9F3C-DC6E8F018663}.Ad-Hoc|x86.Build.0 = Release|x86
		{B0EE2012-5BFD-4B86-9F3C-DC6E8F018663}.Ad-Hoc|x86.Deploy.0 = Release|x86
		{B0EE2012-5BFD-4B86-9F3C-DC6E8F018663}.AppStore|Any CPU.ActiveCfg = Release|x86
		{B0EE2012-5BFD-4B86-9F3C-DC6E8F018663}.AppStore|Any CPU.Build.0 = Release|x86
		{B0EE2012-5BFD-4B86-9F3C-DC6E8F018663}.AppStore|Any CPU.Deploy.0 = Release|x86
		{B0EE2012-5BFD-4B86-9F3C-DC6E8F018663}.AppStore|ARM.ActiveCfg = Release|ARM
		{B0EE2012-5BFD-4B86-9F3C-DC6E8F018663}.AppStore|ARM.Build.0 = Release|ARM
		{B0EE2012-5BFD-4B86-9F3C-DC6E8F018663}.AppStore|ARM.Deploy.0 = Release|ARM
		{B0EE2012-5BFD-4B86-9F3C-DC6E8F018663}.AppStore|iPhone.ActiveCfg = Release|x86
		{B0EE2012-5BFD-4B86-9F3C-DC6E8F018663}.AppStore|iPhone.Build.0 = Release|x86
		{B0EE2012-5BFD-4B86-9F3C-DC6E8F018663}.AppStore|iPhone.Deploy.0 = Release|x86
		{B0EE2012-5BFD-4B86-9F3C-DC6E8F018663}.AppStore|iPhoneSimulator.ActiveCfg = Release|x86
		{B0EE2012-5BFD-4B86-9F3C-DC6E8F018663}.AppStore|iPhoneSimulator.Build.0 = Release|x86
		{B0EE2012-5BFD-4B86-9F3C-DC6E8F018663}.AppStore|iPhoneSimulator.Deploy.0 = Release|x86
		{B0EE2012-5BFD-4B86-9F3C-DC6E8F018663}.AppStore|x64.ActiveCfg = Release|x64
		{B0EE2012-5BFD-4B86-9F3C-DC6E8F018663}.AppStore|x64.Build.0 = Release|x64
		{B0EE2012-5BFD-4B86-9F3C-DC6E8F018663}.AppStore|x64.Deploy.0 = Release|x64
		{B0EE2012-5BFD-4B86-9F3C-DC6E8F018663}.AppStore|x86.ActiveCfg = Release|x86
		{B0EE2012-5BFD-4B86-9F3C-DC6E8F018663}.AppStore|x86.Build.0 = Release|x86
		{B0EE2012-5BFD-4B86-9F3C-DC6E8F018663}.AppStore|x86.Deploy.0 = Release|x86
		{B0EE2012-5BFD-4B86-9F3C-DC6E8F018663}.Debug|Any CPU.ActiveCfg = Debug|x86
		{B0EE2012-5BFD-4B86-9F3C-DC6E8F018663}.Debug|ARM.ActiveCfg = Debug|ARM
		{B0EE2012-5BFD-4B86-9F3C-DC6E8F018663}.Debug|ARM.Build.0 = Debug|ARM
		{B0EE2012-5BFD-4B86-9F3C-DC6E8F018663}.Debug|ARM.Deploy.0 = Debug|ARM
		{B0EE2012-5BFD-4B86-9F3C-DC6E8F018663}.Debug|iPhone.ActiveCfg = Debug|x86
		{B0EE2012-5BFD-4B86-9F3C-DC6E8F018663}.Debug|iPhoneSimulator.ActiveCfg = Debug|x86
		{B0EE2012-5BFD-4B86-9F3C-DC6E8F018663}.Debug|x64.ActiveCfg = Debug|x64
		{B0EE2012-5BFD-4B86-9F3C-DC6E8F018663}.Debug|x64.Build.0 = Debug|x64
		{B0EE2012-5BFD-4B86-9F3C-DC6E8F018663}.Debug|x64.Deploy.0 = Debug|x64
		{B0EE2012-5BFD-4B86-9F3C-DC6E8F018663}.Debug|x86.ActiveCfg = Debug|x86
		{B0EE2012-5BFD-4B86-9F3C-DC6E8F018663}.Debug|x86.Build.0 = Debug|x86
		{B0EE2012-5BFD-4B86-9F3C-DC6E8F018663}.Debug|x86.Deploy.0 = Debug|x86
		{B0EE2012-5BFD-4B86-9F3C-DC6E8F018663}.Release|Any CPU.ActiveCfg = Release|x86
		{B0EE2012-5BFD-4B86-9F3C-DC6E8F018663}.Release|ARM.ActiveCfg = Release|ARM
		{B0EE2012-5BFD-4B86-9F3C-DC6E8F018663}.Release|ARM.Build.0 = Release|ARM
		{B0EE2012-5BFD-4B86-9F3C-DC6E8F018663}.Release|ARM.Deploy.0 = Release|ARM
		{B0EE2012-5BFD-4B86-9F3C-DC6E8F018663}.Release|iPhone.ActiveCfg = Release|x86
		{B0EE2012-5BFD-4B86-9F3C-DC6E8F018663}.Release|iPhoneSimulator.ActiveCfg = Release|x86
		{B0EE2012-5BFD-4B86-9F3C-DC6E8F018663}.Release|x64.ActiveCfg = Release|x64
		{B0EE2012-5BFD-4B86-9F3C-DC6E8F018663}.Release|x64.Build.0 = Release|x64
		{B0EE2012-5BFD-4B86-9F3C-DC6E8F018663}.Release|x64.Deploy.0 = Release|x64
		{B0EE2012-5BFD-4B86-9F3C-DC6E8F018663}.Release|x86.ActiveCfg = Release|x86
		{B0EE2012-5BFD-4B86-9F3C-DC6E8F018663}.Release|x86.Build.0 = Release|x86
		{B0EE2012-5BFD-4B86-9F3C-DC6E8F018663}.Release|x86.Deploy.0 = Release|x86
		{043916F3-767E-46AA-8171-8B86980DA971}.Ad-Hoc|Any CPU.ActiveCfg = Ad-Hoc|iPhone
		{043916F3-767E-46AA-8171-8B86980DA971}.Ad-Hoc|ARM.ActiveCfg = Ad-Hoc|iPhone
		{043916F3-767E-46AA-8171-8B86980DA971}.Ad-Hoc|iPhone.ActiveCfg = Ad-Hoc|iPhone
		{043916F3-767E-46AA-8171-8B86980DA971}.Ad-Hoc|iPhone.Build.0 = Ad-Hoc|iPhone
		{043916F3-767E-46AA-8171-8B86980DA971}.Ad-Hoc|iPhoneSimulator.ActiveCfg = Ad-Hoc|iPhoneSimulator
		{043916F3-767E-46AA-8171-8B86980DA971}.Ad-Hoc|iPhoneSimulator.Build.0 = Ad-Hoc|iPhoneSimulator
		{043916F3-767E-46AA-8171-8B86980DA971}.Ad-Hoc|x64.ActiveCfg = Ad-Hoc|iPhone
		{043916F3-767E-46AA-8171-8B86980DA971}.Ad-Hoc|x86.ActiveCfg = Ad-Hoc|iPhone
		{043916F3-767E-46AA-8171-8B86980DA971}.AppStore|Any CPU.ActiveCfg = AppStore|iPhone
		{043916F3-767E-46AA-8171-8B86980DA971}.AppStore|ARM.ActiveCfg = AppStore|iPhone
		{043916F3-767E-46AA-8171-8B86980DA971}.AppStore|iPhone.ActiveCfg = AppStore|iPhone
		{043916F3-767E-46AA-8171-8B86980DA971}.AppStore|iPhone.Build.0 = AppStore|iPhone
		{043916F3-767E-46AA-8171-8B86980DA971}.AppStore|iPhoneSimulator.ActiveCfg = AppStore|iPhoneSimulator
		{043916F3-767E-46AA-8171-8B86980DA971}.AppStore|iPhoneSimulator.Build.0 = AppStore|iPhoneSimulator
		{043916F3-767E-46AA-8171-8B86980DA971}.AppStore|x64.ActiveCfg = AppStore|iPhone
		{043916F3-767E-46AA-8171-8B86980DA971}.AppStore|x86.ActiveCfg = AppStore|iPhone
		{043916F3-767E-46AA-8171-8B86980DA971}.Debug|Any CPU.ActiveCfg = Debug|iPhone
		{043916F3-767E-46AA-8171-8B86980DA971}.Debug|ARM.ActiveCfg = Debug|iPhone
		{043916F3-767E-46AA-8171-8B86980DA971}.Debug|iPhone.ActiveCfg = Debug|iPhone
		{043916F3-767E-46AA-8171-8B86980DA971}.Debug|iPhone.Build.0 = Debug|iPhone
		{043916F3-767E-46AA-8171-8B86980DA971}.Debug|iPhoneSimulator.ActiveCfg = Debug|iPhoneSimulator
		{043916F3-767E-46AA-8171-8B86980DA971}.Debug|iPhoneSimulator.Build.0 = Debug|iPhoneSimulator
		{043916F3-767E-46AA-8171-8B86980DA971}.Debug|x64.ActiveCfg = Debug|iPhone
		{043916F3-767E-46AA-8171-8B86980DA971}.Debug|x86.ActiveCfg = Debug|iPhone
		{043916F3-767E-46AA-8171-8B86980DA971}.Release|Any CPU.ActiveCfg = Release|iPhone
		{043916F3-767E-46AA-8171-8B86980DA971}.Release|ARM.ActiveCfg = Release|iPhone
		{043916F3-767E-46AA-8171-8B86980DA971}.Release|iPhone.ActiveCfg = Release|iPhone
		{043916F3-767E-46AA-8171-8B86980DA971}.Release|iPhone.Build.0 = Release|iPhone
		{043916F3-767E-46AA-8171-8B86980DA971}.Release|iPhoneSimulator.ActiveCfg = Release|iPhoneSimulator
		{043916F3-767E-46AA-8171-8B86980DA971}.Release|iPhoneSimulator.Build.0 = Release|iPhoneSimulator
		{043916F3-767E-46AA-8171-8B86980DA971}.Release|x64.ActiveCfg = Release|iPhone
		{043916F3-767E-46AA-8171-8B86980DA971}.Release|x86.ActiveCfg = Release|iPhone
	EndGlobalSection
	GlobalSection(SolutionProperties) = preSolution
		HideSolutionNode = FALSE
	EndGlobalSection
	GlobalSection(ExtensibilityGlobals) = postSolution
		SolutionGuid = {3C69A242-0282-4F71-BFBC-8247FF7E0972}
	EndGlobalSection
EndGlobal
